
Microsoft Visual Studio Solution File, Format Version 12.00
# Visual Studio Version 17
VisualStudioVersion = 17.5.33530.505
MinimumVisualStudioVersion = 10.0.40219.1
Project("{8BC9CEB8-8B4A-11D0-8D11-00A0C91BC942}") = "class_container", "class_container.vcxproj", "{4F9ABE1C-CD9D-4533-9605-6F8FBE3CA235}"
EndProject
Global
	GlobalSection(SolutionConfigurationPlatforms) = preSolution
		Debug|x64 = Debug|x64
		Debug|x86 = Debug|x86
		Release|x64 = Release|x64
		Release|x86 = Release|x86
	EndGlobalSection
	GlobalSection(ProjectConfigurationPlatforms) = postSolution
		{4F9ABE1C-CD9D-4533-9605-6F8FBE3CA235}.Debug|x64.ActiveCfg = Debug|x64
		{4F9ABE1C-CD9D-4533-9605-6F8FBE3CA235}.Debug|x64.Build.0 = Debug|x64
		{4F9ABE1C-CD9D-4533-9605-6F8FBE3CA235}.Debug|x86.ActiveCfg = Debug|Win32
		{4F9ABE1C-CD9D-4533-9605-6F8FBE3CA235}.Debug|x86.Build.0 = Debug|Win32
		{4F9ABE1C-CD9D-4533-9605-6F8FBE3CA235}.Release|x64.ActiveCfg = Release|x64
		{4F9ABE1C-CD9D-4533-9605-6F8FBE3CA235}.Release|x64.Build.0 = Release|x64
		{4F9ABE1C-CD9D-4533-9605-6F8FBE3CA235}.Release|x86.ActiveCfg = Release|Win32
		{4F9ABE1C-CD9D-4533-9605-6F8FBE3CA235}.Release|x86.Build.0 = Release|Win32
	EndGlobalSection
	GlobalSection(SolutionProperties) = preSolution
		HideSolutionNode = FALSE
	EndGlobalSection
	GlobalSection(ExtensibilityGlobals) = postSolution
		SolutionGuid = {BB90E45D-467D-48D8-8F46-5467C2D8C62E}
	EndGlobalSection
EndGlobal
